// !$*UTF8*$!
{
	archiveVersion = 1;
	classes = {
	};
	objectVersion = 46;
	objects = {

/* Begin PBXBuildFile section */
		975CD8451F79E183005D2BB8 /* RNTensorFlowInference.mm in Sources */ = {isa = PBXBuildFile; fileRef = 975CD8441F79E183005D2BB8 /* RNTensorFlowInference.mm */; };
		975CD8481F79E1B6005D2BB8 /* RNTensorFlowGraph.mm in Sources */ = {isa = PBXBuildFile; fileRef = 975CD8471F79E1B6005D2BB8 /* RNTensorFlowGraph.mm */; };
		975CD84A1F79E1C8005D2BB8 /* RNTensorFlowGraphOperations.mm in Sources */ = {isa = PBXBuildFile; fileRef = 975CD8491F79E1C8005D2BB8 /* RNTensorFlowGraphOperations.mm */; };
		A727A0BB1FCB466500D3B2C5 /* TensorFlowInference.mm in Sources */ = {isa = PBXBuildFile; fileRef = A727A0BA1FCB466500D3B2C5 /* TensorFlowInference.mm */; };
		A7F0DCB51FDCD8C200E79844 /* ImageRecognizer.mm in Sources */ = {isa = PBXBuildFile; fileRef = A7F0DCB41FDCD8C200E79844 /* ImageRecognizer.mm */; };
		A7F0DCB81FDCD8EA00E79844 /* RNImageRecognition.mm in Sources */ = {isa = PBXBuildFile; fileRef = A7F0DCB71FDCD8EA00E79844 /* RNImageRecognition.mm */; };
/* End PBXBuildFile section */

/* Begin PBXCopyFilesBuildPhase section */
		58B511D91A9E6C8500147676 /* CopyFiles */ = {
			isa = PBXCopyFilesBuildPhase;
			buildActionMask = 2147483647;
			dstPath = "include/$(PRODUCT_NAME)";
			dstSubfolderSpec = 16;
			files = (
			);
			runOnlyForDeploymentPostprocessing = 0;
		};
/* End PBXCopyFilesBuildPhase section */

/* Begin PBXFileReference section */
		134814201AA4EA6300B7C361 /* libRNTensorflow.a */ = {isa = PBXFileReference; explicitFileType = archive.ar; includeInIndex = 0; path = libRNTensorflow.a; sourceTree = BUILT_PRODUCTS_DIR; };
		975CD8441F79E183005D2BB8 /* RNTensorFlowInference.mm */ = {isa = PBXFileReference; fileEncoding = 4; lastKnownFileType = sourcecode.cpp.objcpp; path = RNTensorFlowInference.mm; sourceTree = "<group>"; };
		975CD8461F79E199005D2BB8 /* RNTensorFlowInference.h */ = {isa = PBXFileReference; lastKnownFileType = sourcecode.c.h; path = RNTensorFlowInference.h; sourceTree = "<group>"; };
		975CD8471F79E1B6005D2BB8 /* RNTensorFlowGraph.mm */ = {isa = PBXFileReference; fileEncoding = 4; lastKnownFileType = sourcecode.cpp.objcpp; path = RNTensorFlowGraph.mm; sourceTree = "<group>"; };
		975CD8491F79E1C8005D2BB8 /* RNTensorFlowGraphOperations.mm */ = {isa = PBXFileReference; fileEncoding = 4; lastKnownFileType = sourcecode.cpp.objcpp; path = RNTensorFlowGraphOperations.mm; sourceTree = "<group>"; };
		975CD84B1F79E1D7005D2BB8 /* RNTensorFlowGraph.h */ = {isa = PBXFileReference; lastKnownFileType = sourcecode.c.h; path = RNTensorFlowGraph.h; sourceTree = "<group>"; };
		975CD84C1F79E1E1005D2BB8 /* RNTensorFlowGraphOperations.h */ = {isa = PBXFileReference; lastKnownFileType = sourcecode.c.h; path = RNTensorFlowGraphOperations.h; sourceTree = "<group>"; };
		A727A0B91FCB465600D3B2C5 /* TensorFlowInference.h */ = {isa = PBXFileReference; lastKnownFileType = sourcecode.c.h; path = TensorFlowInference.h; sourceTree = "<group>"; };
		A727A0BA1FCB466500D3B2C5 /* TensorFlowInference.mm */ = {isa = PBXFileReference; fileEncoding = 4; lastKnownFileType = sourcecode.cpp.objcpp; path = TensorFlowInference.mm; sourceTree = "<group>"; };
		A7F0DCB41FDCD8C200E79844 /* ImageRecognizer.mm */ = {isa = PBXFileReference; fileEncoding = 4; lastKnownFileType = sourcecode.cpp.objcpp; path = ImageRecognizer.mm; sourceTree = "<group>"; };
		A7F0DCB61FDCD8D700E79844 /* ImageRecognizer.h */ = {isa = PBXFileReference; lastKnownFileType = sourcecode.c.h; path = ImageRecognizer.h; sourceTree = "<group>"; };
		A7F0DCB71FDCD8EA00E79844 /* RNImageRecognition.mm */ = {isa = PBXFileReference; fileEncoding = 4; lastKnownFileType = sourcecode.cpp.objcpp; path = RNImageRecognition.mm; sourceTree = "<group>"; };
		A7F0DCB91FDCD90200E79844 /* RNImageRecognition.h */ = {isa = PBXFileReference; lastKnownFileType = sourcecode.c.h; path = RNImageRecognition.h; sourceTree = "<group>"; };
/* End PBXFileReference section */

/* Begin PBXFrameworksBuildPhase section */
		58B511D81A9E6C8500147676 /* Frameworks */ = {
			isa = PBXFrameworksBuildPhase;
			buildActionMask = 2147483647;
			files = (
			);
			runOnlyForDeploymentPostprocessing = 0;
		};
/* End PBXFrameworksBuildPhase section */

/* Begin PBXGroup section */
		134814211AA4EA7D00B7C361 /* Products */ = {
			isa = PBXGroup;
			children = (
				134814201AA4EA6300B7C361 /* libRNTensorflow.a */,
			);
			name = Products;
			sourceTree = "<group>";
		};
		58B511D21A9E6C8500147676 = {
			isa = PBXGroup;
			children = (
				A7F0DCB91FDCD90200E79844 /* RNImageRecognition.h */,
				A7F0DCB71FDCD8EA00E79844 /* RNImageRecognition.mm */,
				A7F0DCB61FDCD8D700E79844 /* ImageRecognizer.h */,
				A7F0DCB41FDCD8C200E79844 /* ImageRecognizer.mm */,
				A727A0BA1FCB466500D3B2C5 /* TensorFlowInference.mm */,
				A727A0B91FCB465600D3B2C5 /* TensorFlowInference.h */,
				975CD84C1F79E1E1005D2BB8 /* RNTensorFlowGraphOperations.h */,
				975CD84B1F79E1D7005D2BB8 /* RNTensorFlowGraph.h */,
				975CD8491F79E1C8005D2BB8 /* RNTensorFlowGraphOperations.mm */,
				975CD8471F79E1B6005D2BB8 /* RNTensorFlowGraph.mm */,
				975CD8461F79E199005D2BB8 /* RNTensorFlowInference.h */,
				975CD8441F79E183005D2BB8 /* RNTensorFlowInference.mm */,
				134814211AA4EA7D00B7C361 /* Products */,
			);
			sourceTree = "<group>";
		};
/* End PBXGroup section */

/* Begin PBXNativeTarget section */
		58B511DA1A9E6C8500147676 /* RNTensorflow */ = {
			isa = PBXNativeTarget;
			buildConfigurationList = 58B511EF1A9E6C8500147676 /* Build configuration list for PBXNativeTarget "RNTensorflow" */;
			buildPhases = (
				58B511D71A9E6C8500147676 /* Sources */,
				58B511D81A9E6C8500147676 /* Frameworks */,
				58B511D91A9E6C8500147676 /* CopyFiles */,
			);
			buildRules = (
			);
			dependencies = (
			);
			name = RNTensorflow;
			productName = RCTDataManager;
			productReference = 134814201AA4EA6300B7C361 /* libRNTensorflow.a */;
			productType = "com.apple.product-type.library.static";
		};
/* End PBXNativeTarget section */

/* Begin PBXProject section */
		58B511D31A9E6C8500147676 /* Project object */ = {
			isa = PBXProject;
			attributes = {
				LastUpgradeCheck = 0830;
				ORGANIZATIONNAME = "";
				TargetAttributes = {
					58B511DA1A9E6C8500147676 = {
						CreatedOnToolsVersion = 6.1.1;
					};
				};
			};
			buildConfigurationList = 58B511D61A9E6C8500147676 /* Build configuration list for PBXProject "RNTensorflow" */;
			compatibilityVersion = "Xcode 3.2";
			developmentRegion = English;
			hasScannedForEncodings = 0;
			knownRegions = (
				en,
			);
			mainGroup = 58B511D21A9E6C8500147676;
			productRefGroup = 58B511D21A9E6C8500147676;
			projectDirPath = "";
			projectRoot = "";
			targets = (
				58B511DA1A9E6C8500147676 /* RNTensorflow */,
			);
		};
/* End PBXProject section */

/* Begin PBXSourcesBuildPhase section */
		58B511D71A9E6C8500147676 /* Sources */ = {
			isa = PBXSourcesBuildPhase;
			buildActionMask = 2147483647;
			files = (
				975CD8481F79E1B6005D2BB8 /* RNTensorFlowGraph.mm in Sources */,
				A7F0DCB51FDCD8C200E79844 /* ImageRecognizer.mm in Sources */,
				975CD84A1F79E1C8005D2BB8 /* RNTensorFlowGraphOperations.mm in Sources */,
				A7F0DCB81FDCD8EA00E79844 /* RNImageRecognition.mm in Sources */,
				A727A0BB1FCB466500D3B2C5 /* TensorFlowInference.mm in Sources */,
				975CD8451F79E183005D2BB8 /* RNTensorFlowInference.mm in Sources */,
			);
			runOnlyForDeploymentPostprocessing = 0;
		};
/* End PBXSourcesBuildPhase section */

/* Begin XCBuildConfiguration section */
		58B511ED1A9E6C8500147676 /* Debug */ = {
			isa = XCBuildConfiguration;
			buildSettings = {
				ALWAYS_SEARCH_USER_PATHS = NO;
				CLANG_CXX_LANGUAGE_STANDARD = "gnu++0x";
				CLANG_CXX_LIBRARY = "libc++";
				CLANG_ENABLE_MODULES = YES;
				CLANG_ENABLE_OBJC_ARC = YES;
				CLANG_WARN_BOOL_CONVERSION = YES;
				CLANG_WARN_CONSTANT_CONVERSION = YES;
				CLANG_WARN_DIRECT_OBJC_ISA_USAGE = YES_ERROR;
				CLANG_WARN_EMPTY_BODY = YES;
				CLANG_WARN_ENUM_CONVERSION = YES;
				CLANG_WARN_INFINITE_RECURSION = YES;
				CLANG_WARN_INT_CONVERSION = YES;
				CLANG_WARN_OBJC_ROOT_CLASS = YES_ERROR;
				CLANG_WARN_SUSPICIOUS_MOVE = YES;
				CLANG_WARN_UNREACHABLE_CODE = YES;
				CLANG_WARN__DUPLICATE_METHOD_MATCH = YES;
				COPY_PHASE_STRIP = NO;
				ENABLE_STRICT_OBJC_MSGSEND = YES;
				ENABLE_TESTABILITY = YES;
				GCC_C_LANGUAGE_STANDARD = gnu99;
				GCC_DYNAMIC_NO_PIC = NO;
				GCC_NO_COMMON_BLOCKS = YES;
				GCC_OPTIMIZATION_LEVEL = 0;
				GCC_PREPROCESSOR_DEFINITIONS = (
					"DEBUG=1",
					"$(inherited)",
				);
				GCC_SYMBOLS_PRIVATE_EXTERN = NO;
				GCC_WARN_64_TO_32_BIT_CONVERSION = YES;
				GCC_WARN_ABOUT_RETURN_TYPE = YES_ERROR;
				GCC_WARN_UNDECLARED_SELECTOR = YES;
				GCC_WARN_UNINITIALIZED_AUTOS = YES_AGGRESSIVE;
				GCC_WARN_UNUSED_FUNCTION = YES;
				GCC_WARN_UNUSED_VARIABLE = YES;
				IPHONEOS_DEPLOYMENT_TARGET = 8.0;
				MTL_ENABLE_DEBUG_INFO = YES;
				ONLY_ACTIVE_ARCH = YES;
				SDKROOT = iphoneos;
			};
			name = Debug;
		};
		58B511EE1A9E6C8500147676 /* Release */ = {
			isa = XCBuildConfiguration;
			buildSettings = {
				ALWAYS_SEARCH_USER_PATHS = NO;
				CLANG_CXX_LANGUAGE_STANDARD = "gnu++0x";
				CLANG_CXX_LIBRARY = "libc++";
				CLANG_ENABLE_MODULES = YES;
				CLANG_ENABLE_OBJC_ARC = YES;
				CLANG_WARN_BOOL_CONVERSION = YES;
				CLANG_WARN_CONSTANT_CONVERSION = YES;
				CLANG_WARN_DIRECT_OBJC_ISA_USAGE = YES_ERROR;
				CLANG_WARN_EMPTY_BODY = YES;
				CLANG_WARN_ENUM_CONVERSION = YES;
				CLANG_WARN_INFINITE_RECURSION = YES;
				CLANG_WARN_INT_CONVERSION = YES;
				CLANG_WARN_OBJC_ROOT_CLASS = YES_ERROR;
				CLANG_WARN_SUSPICIOUS_MOVE = YES;
				CLANG_WARN_UNREACHABLE_CODE = YES;
				CLANG_WARN__DUPLICATE_METHOD_MATCH = YES;
				COPY_PHASE_STRIP = YES;
				ENABLE_NS_ASSERTIONS = NO;
				ENABLE_STRICT_OBJC_MSGSEND = YES;
				GCC_C_LANGUAGE_STANDARD = gnu99;
				GCC_NO_COMMON_BLOCKS = YES;
				GCC_WARN_64_TO_32_BIT_CONVERSION = YES;
				GCC_WARN_ABOUT_RETURN_TYPE = YES_ERROR;
				GCC_WARN_UNDECLARED_SELECTOR = YES;
				GCC_WARN_UNINITIALIZED_AUTOS = YES_AGGRESSIVE;
				GCC_WARN_UNUSED_FUNCTION = YES;
				GCC_WARN_UNUSED_VARIABLE = YES;
				IPHONEOS_DEPLOYMENT_TARGET = 8.0;
				MTL_ENABLE_DEBUG_INFO = NO;
				SDKROOT = iphoneos;
				VALIDATE_PRODUCT = YES;
			};
			name = Release;
		};
		58B511F01A9E6C8500147676 /* Debug */ = {
			isa = XCBuildConfiguration;
			buildSettings = {
				HEADER_SEARCH_PATHS = (
					"$(inherited)",
					/Applications/Xcode.app/Contents/Developer/Toolchains/XcodeDefault.xctoolchain/usr/include,
					"$(SRCROOT)/../../../React/**",
					"$(SRCROOT)/../../react-native/React/**",
					"$(SRCROOT)/../../../ios/Pods/TensorFlow-experimental/Frameworks/tensorflow_experimental.framework/Headers",
					"$(SRCROOT)/../../../ios/Pods/Headers/Public/TensorFlow-experimental/tensorflow_experimental/third_party/eigen3",
					"$(SRCROOT)/../../../ios/Pods/TensorFlow-experimental/Frameworks/tensorflow_experimental.framework/Headers/third_party/eigen3",
				);
				LIBRARY_SEARCH_PATHS = "$(inherited)";
				OTHER_LDFLAGS = "-ObjC";
				PRODUCT_NAME = RNTensorflow;
				SKIP_INSTALL = YES;
			};
			name = Debug;
		};
		58B511F11A9E6C8500147676 /* Release */ = {
			isa = XCBuildConfiguration;
			buildSettings = {
				HEADER_SEARCH_PATHS = (
					"$(inherited)",
					/Applications/Xcode.app/Contents/Developer/Toolchains/XcodeDefault.xctoolchain/usr/include,
					"$(SRCROOT)/../../../React/**",
					"$(SRCROOT)/../../react-native/React/**",
					"$(SRCROOT)/../../../ios/Pods/TensorFlow-experimental/Frameworks/tensorflow_experimental.framework/Headers",
					"$(SRCROOT)/../../../ios/Pods/Headers/Public/TensorFlow-experimental/tensorflow_experimental/third_party/eigen3",
					"$(SRCROOT)/../../../ios/Pods/TensorFlow-experimental/Frameworks/tensorflow_experimental.framework/Headers/third_party/eigen3",
				);
				LIBRARY_SEARCH_PATHS = "$(inherited)";
				OTHER_LDFLAGS = "-ObjC";
				PRODUCT_NAME = RNTensorflow;
				SKIP_INSTALL = YES;
			};
			name = Release;
		};
/* End XCBuildConfiguration section */

/* Begin XCConfigurationList section */
		58B511D61A9E6C8500147676 /* Build configuration list for PBXProject "RNTensorflow" */ = {
			isa = XCConfigurationList;
			buildConfigurations = (
				58B511ED1A9E6C8500147676 /* Debug */,
				58B511EE1A9E6C8500147676 /* Release */,
			);
			defaultConfigurationIsVisible = 0;
			defaultConfigurationName = Release;
		};
		58B511EF1A9E6C8500147676 /* Build configuration list for PBXNativeTarget "RNTensorflow" */ = {
			isa = XCConfigurationList;
			buildConfigurations = (
				58B511F01A9E6C8500147676 /* Debug */,
				58B511F11A9E6C8500147676 /* Release */,
			);
			defaultConfigurationIsVisible = 0;
			defaultConfigurationName = Release;
		};
/* End XCConfigurationList section */
	};
	rootObject = 58B511D31A9E6C8500147676 /* Project object */;
}
